
Microsoft Visual Studio Solution File, Format Version 12.00
# Visual Studio Version 17
VisualStudioVersion = 17.0.31903.59
MinimumVisualStudioVersion = 10.0.40219.1
Project("{FAE04EC0-301F-11D3-BF4B-00C04F79EFBC}") = "MailerSend", "MailerSend\MailerSend.csproj", "{3B683C70-A7E7-416F-B25B-8CA6080C7159}"
EndProject
Project("{FAE04EC0-301F-11D3-BF4B-00C04F79EFBC}") = "MailerSend.Tests", "MailerSend.Tests\MailerSend.Tests.csproj", "{655505AD-07D0-4A67-9390-257808F714C2}"
EndProject
Global
	GlobalSection(SolutionConfigurationPlatforms) = preSolution
		Debug|Any CPU = Debug|Any CPU
		Debug|x64 = Debug|x64
		Debug|x86 = Debug|x86
		Release|Any CPU = Release|Any CPU
		Release|x64 = Release|x64
		Release|x86 = Release|x86
	EndGlobalSection
	GlobalSection(ProjectConfigurationPlatforms) = postSolution
		{3B683C70-A7E7-416F-B25B-8CA6080C7159}.Debug|Any CPU.ActiveCfg = Debug|Any CPU
		{3B683C70-A7E7-416F-B25B-8CA6080C7159}.Debug|Any CPU.Build.0 = Debug|Any CPU
		{3B683C70-A7E7-416F-B25B-8CA6080C7159}.Debug|x64.ActiveCfg = Debug|Any CPU
		{3B683C70-A7E7-416F-B25B-8CA6080C7159}.Debug|x64.Build.0 = Debug|Any CPU
		{3B683C70-A7E7-416F-B25B-8CA6080C7159}.Debug|x86.ActiveCfg = Debug|Any CPU
		{3B683C70-A7E7-416F-B25B-8CA6080C7159}.Debug|x86.Build.0 = Debug|Any CPU
		{3B683C70-A7E7-416F-B25B-8CA6080C7159}.Release|Any CPU.ActiveCfg = Release|Any CPU
		{3B683C70-A7E7-416F-B25B-8CA6080C7159}.Release|Any CPU.Build.0 = Release|Any CPU
		{3B683C70-A7E7-416F-B25B-8CA6080C7159}.Release|x64.ActiveCfg = Release|Any CPU
		{3B683C70-A7E7-416F-B25B-8CA6080C7159}.Release|x64.Build.0 = Release|Any CPU
		{3B683C70-A7E7-416F-B25B-8CA6080C7159}.Release|x86.ActiveCfg = Release|Any CPU
		{3B683C70-A7E7-416F-B25B-8CA6080C7159}.Release|x86.Build.0 = Release|Any CPU
		{655505AD-07D0-4A67-9390-257808F714C2}.Debug|Any CPU.ActiveCfg = Debug|Any CPU
		{655505AD-07D0-4A67-9390-257808F714C2}.Debug|Any CPU.Build.0 = Debug|Any CPU
		{655505AD-07D0-4A67-9390-257808F714C2}.Debug|x64.ActiveCfg = Debug|Any CPU
		{655505AD-07D0-4A67-9390-257808F714C2}.Debug|x64.Build.0 = Debug|Any CPU
		{655505AD-07D0-4A67-9390-257808F714C2}.Debug|x86.ActiveCfg = Debug|Any CPU
		{655505AD-07D0-4A67-9390-257808F714C2}.Debug|x86.Build.0 = Debug|Any CPU
		{655505AD-07D0-4A67-9390-257808F714C2}.Release|Any CPU.ActiveCfg = Release|Any CPU
		{655505AD-07D0-4A67-9390-257808F714C2}.Release|Any CPU.Build.0 = Release|Any CPU
		{655505AD-07D0-4A67-9390-257808F714C2}.Release|x64.ActiveCfg = Release|Any CPU
		{655505AD-07D0-4A67-9390-257808F714C2}.Release|x64.Build.0 = Release|Any CPU
		{655505AD-07D0-4A67-9390-257808F714C2}.Release|x86.ActiveCfg = Release|Any CPU
		{655505AD-07D0-4A67-9390-257808F714C2}.Release|x86.Build.0 = Release|Any CPU
	EndGlobalSection
	GlobalSection(SolutionProperties) = preSolution
		HideSolutionNode = FALSE
	EndGlobalSection
EndGlobal
